// !$*UTF8*$!
{
	archiveVersion = 1;
	classes = {
	};
	objectVersion = 50;
	objects = {

/* Begin PBXBuildFile section */
		4726996EE1CFF0DAE79E7CA4 /* Pods_testSocketIO.framework in Frameworks */ = {isa = PBXBuildFile; fileRef = 518D4E1BA7D2FAAAA25F3325 /* Pods_testSocketIO.framework */; };
		49A9ACF8263C2F1D004EE333 /* AppDelegate.swift in Sources */ = {isa = PBXBuildFile; fileRef = 49A9ACF7263C2F1D004EE333 /* AppDelegate.swift */; };
		49A9ACFA263C2F1D004EE333 /* SceneDelegate.swift in Sources */ = {isa = PBXBuildFile; fileRef = 49A9ACF9263C2F1D004EE333 /* SceneDelegate.swift */; };
		49A9ACFC263C2F1D004EE333 /* ViewController.swift in Sources */ = {isa = PBXBuildFile; fileRef = 49A9ACFB263C2F1D004EE333 /* ViewController.swift */; };
		49A9ACFF263C2F1D004EE333 /* Main.storyboard in Resources */ = {isa = PBXBuildFile; fileRef = 49A9ACFD263C2F1D004EE333 /* Main.storyboard */; };
		49A9AD01263C2F1F004EE333 /* Assets.xcassets in Resources */ = {isa = PBXBuildFile; fileRef = 49A9AD00263C2F1F004EE333 /* Assets.xcassets */; };
		49A9AD04263C2F1F004EE333 /* LaunchScreen.storyboard in Resources */ = {isa = PBXBuildFile; fileRef = 49A9AD02263C2F1F004EE333 /* LaunchScreen.storyboard */; };
/* End PBXBuildFile section */

/* Begin PBXFileReference section */
		33EE310F8E722120A5D8778E /* Pods-testSocketIO.debug.xcconfig */ = {isa = PBXFileReference; includeInIndex = 1; lastKnownFileType = text.xcconfig; name = "Pods-testSocketIO.debug.xcconfig"; path = "Target Support Files/Pods-testSocketIO/Pods-testSocketIO.debug.xcconfig"; sourceTree = "<group>"; };
		49A9ACF4263C2F1D004EE333 /* testSocketIO.app */ = {isa = PBXFileReference; explicitFileType = wrapper.application; includeInIndex = 0; path = testSocketIO.app; sourceTree = BUILT_PRODUCTS_DIR; };
		49A9ACF7263C2F1D004EE333 /* AppDelegate.swift */ = {isa = PBXFileReference; lastKnownFileType = sourcecode.swift; path = AppDelegate.swift; sourceTree = "<group>"; };
		49A9ACF9263C2F1D004EE333 /* SceneDelegate.swift */ = {isa = PBXFileReference; lastKnownFileType = sourcecode.swift; path = SceneDelegate.swift; sourceTree = "<group>"; };
		49A9ACFB263C2F1D004EE333 /* ViewController.swift */ = {isa = PBXFileReference; lastKnownFileType = sourcecode.swift; path = ViewController.swift; sourceTree = "<group>"; };
		49A9ACFE263C2F1D004EE333 /* Base */ = {isa = PBXFileReference; lastKnownFileType = file.storyboard; name = Base; path = Base.lproj/Main.storyboard; sourceTree = "<group>"; };
		49A9AD00263C2F1F004EE333 /* Assets.xcassets */ = {isa = PBXFileReference; lastKnownFileType = folder.assetcatalog; path = Assets.xcassets; sourceTree = "<group>"; };
		49A9AD03263C2F1F004EE333 /* Base */ = {isa = PBXFileReference; lastKnownFileType = file.storyboard; name = Base; path = Base.lproj/LaunchScreen.storyboard; sourceTree = "<group>"; };
		49A9AD05263C2F1F004EE333 /* Info.plist */ = {isa = PBXFileReference; lastKnownFileType = text.plist.xml; path = Info.plist; sourceTree = "<group>"; };
		518D4E1BA7D2FAAAA25F3325 /* Pods_testSocketIO.framework */ = {isa = PBXFileReference; explicitFileType = wrapper.framework; includeInIndex = 0; path = Pods_testSocketIO.framework; sourceTree = BUILT_PRODUCTS_DIR; };
		ED75852CA859AF97B38D473B /* Pods-testSocketIO.release.xcconfig */ = {isa = PBXFileReference; includeInIndex = 1; lastKnownFileType = text.xcconfig; name = "Pods-testSocketIO.release.xcconfig"; path = "Target Support Files/Pods-testSocketIO/Pods-testSocketIO.release.xcconfig"; sourceTree = "<group>"; };
/* End PBXFileReference section */

/* Begin PBXFrameworksBuildPhase section */
		49A9ACF1263C2F1D004EE333 /* Frameworks */ = {
			isa = PBXFrameworksBuildPhase;
			buildActionMask = 2147483647;
			files = (
				4726996EE1CFF0DAE79E7CA4 /* Pods_testSocketIO.framework in Frameworks */,
			);
			runOnlyForDeploymentPostprocessing = 0;
		};
/* End PBXFrameworksBuildPhase section */

/* Begin PBXGroup section */
		49A9ACEB263C2F1D004EE333 = {
			isa = PBXGroup;
			children = (
				49A9ACF6263C2F1D004EE333 /* testSocketIO */,
				49A9ACF5263C2F1D004EE333 /* Products */,
				E462F53985094190F079B789 /* Pods */,
				D3A55303745972A4541B905D /* Frameworks */,
			);
			sourceTree = "<group>";
		};
		49A9ACF5263C2F1D004EE333 /* Products */ = {
			isa = PBXGroup;
			children = (
				49A9ACF4263C2F1D004EE333 /* testSocketIO.app */,
			);
			name = Products;
			sourceTree = "<group>";
		};
		49A9ACF6263C2F1D004EE333 /* testSocketIO */ = {
			isa = PBXGroup;
			children = (
				49A9ACF7263C2F1D004EE333 /* AppDelegate.swift */,
				49A9ACF9263C2F1D004EE333 /* SceneDelegate.swift */,
				49A9ACFB263C2F1D004EE333 /* ViewController.swift */,
				49A9ACFD263C2F1D004EE333 /* Main.storyboard */,
				49A9AD00263C2F1F004EE333 /* Assets.xcassets */,
				49A9AD02263C2F1F004EE333 /* LaunchScreen.storyboard */,
				49A9AD05263C2F1F004EE333 /* Info.plist */,
			);
			path = testSocketIO;
			sourceTree = "<group>";
		};
		D3A55303745972A4541B905D /* Frameworks */ = {
			isa = PBXGroup;
			children = (
				518D4E1BA7D2FAAAA25F3325 /* Pods_testSocketIO.framework */,
			);
			name = Frameworks;
			sourceTree = "<group>";
		};
		E462F53985094190F079B789 /* Pods */ = {
			isa = PBXGroup;
			children = (
				33EE310F8E722120A5D8778E /* Pods-testSocketIO.debug.xcconfig */,
				ED75852CA859AF97B38D473B /* Pods-testSocketIO.release.xcconfig */,
			);
			name = Pods;
			path = Pods;
			sourceTree = "<group>";
		};
/* End PBXGroup section */

/* Begin PBXNativeTarget section */
		49A9ACF3263C2F1D004EE333 /* testSocketIO */ = {
			isa = PBXNativeTarget;
			buildConfigurationList = 49A9AD08263C2F1F004EE333 /* Build configuration list for PBXNativeTarget "testSocketIO" */;
			buildPhases = (
				E1F5D877A8A645922264AB09 /* [CP] Check Pods Manifest.lock */,
				49A9ACF0263C2F1D004EE333 /* Sources */,
				49A9ACF1263C2F1D004EE333 /* Frameworks */,
				49A9ACF2263C2F1D004EE333 /* Resources */,
				0777A5D4BC8DC299F59DAC7C /* [CP] Embed Pods Frameworks */,
			);
			buildRules = (
			);
			dependencies = (
			);
			name = testSocketIO;
			productName = testSocketIO;
			productReference = 49A9ACF4263C2F1D004EE333 /* testSocketIO.app */;
			productType = "com.apple.product-type.application";
		};
/* End PBXNativeTarget section */

/* Begin PBXProject section */
		49A9ACEC263C2F1D004EE333 /* Project object */ = {
			isa = PBXProject;
			attributes = {
				LastSwiftUpdateCheck = 1240;
				LastUpgradeCheck = 1240;
				TargetAttributes = {
					49A9ACF3263C2F1D004EE333 = {
						CreatedOnToolsVersion = 12.4;
					};
				};
			};
			buildConfigurationList = 49A9ACEF263C2F1D004EE333 /* Build configuration list for PBXProject "testSocketIO" */;
			compatibilityVersion = "Xcode 9.3";
			developmentRegion = en;
			hasScannedForEncodings = 0;
			knownRegions = (
				en,
				Base,
			);
			mainGroup = 49A9ACEB263C2F1D004EE333;
			productRefGroup = 49A9ACF5263C2F1D004EE333 /* Products */;
			projectDirPath = "";
			projectRoot = "";
			targets = (
				49A9ACF3263C2F1D004EE333 /* testSocketIO */,
			);
		};
/* End PBXProject section */

/* Begin PBXResourcesBuildPhase section */
		49A9ACF2263C2F1D004EE333 /* Resources */ = {
			isa = PBXResourcesBuildPhase;
			buildActionMask = 2147483647;
			files = (
				49A9AD04263C2F1F004EE333 /* LaunchScreen.storyboard in Resources */,
				49A9AD01263C2F1F004EE333 /* Assets.xcassets in Resources */,
				49A9ACFF263C2F1D004EE333 /* Main.storyboard in Resources */,
			);
			runOnlyForDeploymentPostprocessing = 0;
		};
/* End PBXResourcesBuildPhase section */

/* Begin PBXShellScriptBuildPhase section */
		0777A5D4BC8DC299F59DAC7C /* [CP] Embed Pods Frameworks */ = {
			isa = PBXShellScriptBuildPhase;
			buildActionMask = 2147483647;
			files = (
			);
			inputFileListPaths = (
				"${PODS_ROOT}/Target Support Files/Pods-testSocketIO/Pods-testSocketIO-frameworks-${CONFIGURATION}-input-files.xcfilelist",
			);
			name = "[CP] Embed Pods Frameworks";
			outputFileListPaths = (
				"${PODS_ROOT}/Target Support Files/Pods-testSocketIO/Pods-testSocketIO-frameworks-${CONFIGURATION}-output-files.xcfilelist",
			);
			runOnlyForDeploymentPostprocessing = 0;
			shellPath = /bin/sh;
			shellScript = "\"${PODS_ROOT}/Target Support Files/Pods-testSocketIO/Pods-testSocketIO-frameworks.sh\"\n";
			showEnvVarsInLog = 0;
		};
		E1F5D877A8A645922264AB09 /* [CP] Check Pods Manifest.lock */ = {
			isa = PBXShellScriptBuildPhase;
			buildActionMask = 2147483647;
			files = (
			);
			inputFileListPaths = (
			);
			inputPaths = (
				"${PODS_PODFILE_DIR_PATH}/Podfile.lock",
				"${PODS_ROOT}/Manifest.lock",
			);
			name = "[CP] Check Pods Manifest.lock";
			outputFileListPaths = (
			);
			outputPaths = (
				"$(DERIVED_FILE_DIR)/Pods-testSocketIO-checkManifestLockResult.txt",
			);
			runOnlyForDeploymentPostprocessing = 0;
			shellPath = /bin/sh;
			shellScript = "diff \"${PODS_PODFILE_DIR_PATH}/Podfile.lock\" \"${PODS_ROOT}/Manifest.lock\" > /dev/null\nif [ $? != 0 ] ; then\n    # print error to STDERR\n    echo \"error: The sandbox is not in sync with the Podfile.lock. Run 'pod install' or update your CocoaPods installation.\" >&2\n    exit 1\nfi\n# This output is used by Xcode 'outputs' to avoid re-running this script phase.\necho \"SUCCESS\" > \"${SCRIPT_OUTPUT_FILE_0}\"\n";
			showEnvVarsInLog = 0;
		};
/* End PBXShellScriptBuildPhase section */

/* Begin PBXSourcesBuildPhase section */
		49A9ACF0263C2F1D004EE333 /* Sources */ = {
			isa = PBXSourcesBuildPhase;
			buildActionMask = 2147483647;
			files = (
				49A9ACFC263C2F1D004EE333 /* ViewController.swift in Sources */,
				49A9ACF8263C2F1D004EE333 /* AppDelegate.swift in Sources */,
				49A9ACFA263C2F1D004EE333 /* SceneDelegate.swift in Sources */,
			);
			runOnlyForDeploymentPostprocessing = 0;
		};
/* End PBXSourcesBuildPhase section */

/* Begin PBXVariantGroup section */
		49A9ACFD263C2F1D004EE333 /* Main.storyboard */ = {
			isa = PBXVariantGroup;
			children = (
				49A9ACFE263C2F1D004EE333 /* Base */,
			);
			name = Main.storyboard;
			sourceTree = "<group>";
		};
		49A9AD02263C2F1F004EE333 /* LaunchScreen.storyboard */ = {
			isa = PBXVariantGroup;
			children = (
				49A9AD03263C2F1F004EE333 /* Base */,
			);
			name = LaunchScreen.storyboard;
			sourceTree = "<group>";
		};
/* End PBXVariantGroup section */

/* Begin XCBuildConfiguration section */
		49A9AD06263C2F1F004EE333 /* Debug */ = {
			isa = XCBuildConfiguration;
			buildSettings = {
				ALWAYS_SEARCH_USER_PATHS = NO;
				CLANG_ANALYZER_NONNULL = YES;
				CLANG_ANALYZER_NUMBER_OBJECT_CONVERSION = YES_AGGRESSIVE;
				CLANG_CXX_LANGUAGE_STANDARD = "gnu++14";
				CLANG_CXX_LIBRARY = "libc++";
				CLANG_ENABLE_MODULES = YES;
				CLANG_ENABLE_OBJC_ARC = YES;
				CLANG_ENABLE_OBJC_WEAK = YES;
				CLANG_WARN_BLOCK_CAPTURE_AUTORELEASING = YES;
				CLANG_WARN_BOOL_CONVERSION = YES;
				CLANG_WARN_COMMA = YES;
				CLANG_WARN_CONSTANT_CONVERSION = YES;
				CLANG_WARN_DEPRECATED_OBJC_IMPLEMENTATIONS = YES;
				CLANG_WARN_DIRECT_OBJC_ISA_USAGE = YES_ERROR;
				CLANG_WARN_DOCUMENTATION_COMMENTS = YES;
				CLANG_WARN_EMPTY_BODY = YES;
				CLANG_WARN_ENUM_CONVERSION = YES;
				CLANG_WARN_INFINITE_RECURSION = YES;
				CLANG_WARN_INT_CONVERSION = YES;
				CLANG_WARN_NON_LITERAL_NULL_CONVERSION = YES;
				CLANG_WARN_OBJC_IMPLICIT_RETAIN_SELF = YES;
				CLANG_WARN_OBJC_LITERAL_CONVERSION = YES;
				CLANG_WARN_OBJC_ROOT_CLASS = YES_ERROR;
				CLANG_WARN_QUOTED_INCLUDE_IN_FRAMEWORK_HEADER = YES;
				CLANG_WARN_RANGE_LOOP_ANALYSIS = YES;
				CLANG_WARN_STRICT_PROTOTYPES = YES;
				CLANG_WARN_SUSPICIOUS_MOVE = YES;
				CLANG_WARN_UNGUARDED_AVAILABILITY = YES_AGGRESSIVE;
				CLANG_WARN_UNREACHABLE_CODE = YES;
				CLANG_WARN__DUPLICATE_METHOD_MATCH = YES;
				COPY_PHASE_STRIP = NO;
				DEBUG_INFORMATION_FORMAT = dwarf;
				ENABLE_STRICT_OBJC_MSGSEND = YES;
				ENABLE_TESTABILITY = YES;
				GCC_C_LANGUAGE_STANDARD = gnu11;
				GCC_DYNAMIC_NO_PIC = NO;
				GCC_NO_COMMON_BLOCKS = YES;
				GCC_OPTIMIZATION_LEVEL = 0;
				GCC_PREPROCESSOR_DEFINITIONS = (
					"DEBUG=1",
					"$(inherited)",
				);
				GCC_WARN_64_TO_32_BIT_CONVERSION = YES;
				GCC_WARN_ABOUT_RETURN_TYPE = YES_ERROR;
				GCC_WARN_UNDECLARED_SELECTOR = YES;
				GCC_WARN_UNINITIALIZED_AUTOS = YES_AGGRESSIVE;
				GCC_WARN_UNUSED_FUNCTION = YES;
				GCC_WARN_UNUSED_VARIABLE = YES;
				IPHONEOS_DEPLOYMENT_TARGET = 14.4;
				MTL_ENABLE_DEBUG_INFO = INCLUDE_SOURCE;
				MTL_FAST_MATH = YES;
				ONLY_ACTIVE_ARCH = YES;
				SDKROOT = iphoneos;
				SWIFT_ACTIVE_COMPILATION_CONDITIONS = DEBUG;
				SWIFT_OPTIMIZATION_LEVEL = "-Onone";
			};
			name = Debug;
		};
		49A9AD07263C2F1F004EE333 /* Release */ = {
			isa = XCBuildConfiguration;
			buildSettings = {
				ALWAYS_SEARCH_USER_PATHS = NO;
				CLANG_ANALYZER_NONNULL = YES;
				CLANG_ANALYZER_NUMBER_OBJECT_CONVERSION = YES_AGGRESSIVE;
				CLANG_CXX_LANGUAGE_STANDARD = "gnu++14";
				CLANG_CXX_LIBRARY = "libc++";
				CLANG_ENABLE_MODULES = YES;
				CLANG_ENABLE_OBJC_ARC = YES;
				CLANG_ENABLE_OBJC_WEAK = YES;
				CLANG_WARN_BLOCK_CAPTURE_AUTORELEASING = YES;
				CLANG_WARN_BOOL_CONVERSION = YES;
				CLANG_WARN_COMMA = YES;
				CLANG_WARN_CONSTANT_CONVERSION = YES;
				CLANG_WARN_DEPRECATED_OBJC_IMPLEMENTATIONS = YES;
				CLANG_WARN_DIRECT_OBJC_ISA_USAGE = YES_ERROR;
				CLANG_WARN_DOCUMENTATION_COMMENTS = YES;
				CLANG_WARN_EMPTY_BODY = YES;
				CLANG_WARN_ENUM_CONVERSION = YES;
				CLANG_WARN_INFINITE_RECURSION = YES;
				CLANG_WARN_INT_CONVERSION = YES;
				CLANG_WARN_NON_LITERAL_NULL_CONVERSION = YES;
				CLANG_WARN_OBJC_IMPLICIT_RETAIN_SELF = YES;
				CLANG_WARN_OBJC_LITERAL_CONVERSION = YES;
				CLANG_WARN_OBJC_ROOT_CLASS = YES_ERROR;
				CLANG_WARN_QUOTED_INCLUDE_IN_FRAMEWORK_HEADER = YES;
				CLANG_WARN_RANGE_LOOP_ANALYSIS = YES;
				CLANG_WARN_STRICT_PROTOTYPES = YES;
				CLANG_WARN_SUSPICIOUS_MOVE = YES;
				CLANG_WARN_UNGUARDED_AVAILABILITY = YES_AGGRESSIVE;
				CLANG_WARN_UNREACHABLE_CODE = YES;
				CLANG_WARN__DUPLICATE_METHOD_MATCH = YES;
				COPY_PHASE_STRIP = NO;
				DEBUG_INFORMATION_FORMAT = "dwarf-with-dsym";
				ENABLE_NS_ASSERTIONS = NO;
				ENABLE_STRICT_OBJC_MSGSEND = YES;
				GCC_C_LANGUAGE_STANDARD = gnu11;
				GCC_NO_COMMON_BLOCKS = YES;
				GCC_WARN_64_TO_32_BIT_CONVERSION = YES;
				GCC_WARN_ABOUT_RETURN_TYPE = YES_ERROR;
				GCC_WARN_UNDECLARED_SELECTOR = YES;
				GCC_WARN_UNINITIALIZED_AUTOS = YES_AGGRESSIVE;
				GCC_WARN_UNUSED_FUNCTION = YES;
				GCC_WARN_UNUSED_VARIABLE = YES;
				IPHONEOS_DEPLOYMENT_TARGET = 14.4;
				MTL_ENABLE_DEBUG_INFO = NO;
				MTL_FAST_MATH = YES;
				SDKROOT = iphoneos;
				SWIFT_COMPILATION_MODE = wholemodule;
				SWIFT_OPTIMIZATION_LEVEL = "-O";
				VALIDATE_PRODUCT = YES;
			};
			name = Release;
		};
		49A9AD09263C2F1F004EE333 /* Debug */ = {
			isa = XCBuildConfiguration;
			baseConfigurationReference = 33EE310F8E722120A5D8778E /* Pods-testSocketIO.debug.xcconfig */;
			buildSettings = {
				ASSETCATALOG_COMPILER_APPICON_NAME = AppIcon;
				ASSETCATALOG_COMPILER_GLOBAL_ACCENT_COLOR_NAME = AccentColor;
				CODE_SIGN_STYLE = Automatic;
				DEVELOPMENT_TEAM = DD3P7YQBW5;
				INFOPLIST_FILE = testSocketIO/Info.plist;
				LD_RUNPATH_SEARCH_PATHS = (
					"$(inherited)",
					"@executable_path/Frameworks",
				);
				PRODUCT_BUNDLE_IDENTIFIER = uiuc.testSocketIO;
				PRODUCT_NAME = "$(TARGET_NAME)";
				SWIFT_VERSION = 5.0;
				TARGETED_DEVICE_FAMILY = "1,2";
			};
			name = Debug;
		};
		49A9AD0A263C2F1F004EE333 /* Release */ = {
			isa = XCBuildConfiguration;
			baseConfigurationReference = ED75852CA859AF97B38D473B /* Pods-testSocketIO.release.xcconfig */;
			buildSettings = {
				ASSETCATALOG_COMPILER_APPICON_NAME = AppIcon;
				ASSETCATALOG_COMPILER_GLOBAL_ACCENT_COLOR_NAME = AccentColor;
				CODE_SIGN_STYLE = Automatic;
				DEVELOPMENT_TEAM = DD3P7YQBW5;
				INFOPLIST_FILE = testSocketIO/Info.plist;
				LD_RUNPATH_SEARCH_PATHS = (
					"$(inherited)",
					"@executable_path/Frameworks",
				);
				PRODUCT_BUNDLE_IDENTIFIER = uiuc.testSocketIO;
				PRODUCT_NAME = "$(TARGET_NAME)";
				SWIFT_VERSION = 5.0;
				TARGETED_DEVICE_FAMILY = "1,2";
			};
			name = Release;
		};
/* End XCBuildConfiguration section */

/* Begin XCConfigurationList section */
		49A9ACEF263C2F1D004EE333 /* Build configuration list for PBXProject "testSocketIO" */ = {
			isa = XCConfigurationList;
			buildConfigurations = (
				49A9AD06263C2F1F004EE333 /* Debug */,
				49A9AD07263C2F1F004EE333 /* Release */,
			);
			defaultConfigurationIsVisible = 0;
			defaultConfigurationName = Release;
		};
		49A9AD08263C2F1F004EE333 /* Build configuration list for PBXNativeTarget "testSocketIO" */ = {
			isa = XCConfigurationList;
			buildConfigurations = (
				49A9AD09263C2F1F004EE333 /* Debug */,
				49A9AD0A263C2F1F004EE333 /* Release */,
			);
			defaultConfigurationIsVisible = 0;
			defaultConfigurationName = Release;
		};
/* End XCConfigurationList section */
	};
	rootObject = 49A9ACEC263C2F1D004EE333 /* Project object */;
}
